
Microsoft Visual Studio Solution File, Format Version 12.00
# Visual Studio 2013
VisualStudioVersion = 12.0.30501.0
MinimumVisualStudioVersion = 10.0.40219.1
Project("{8BC9CEB8-8B4A-11D0-8D11-00A0C91BC942}") = "ble_test_central", "ble_test_central.vcxproj", "{89C4203C-CEDD-45BD-A97A-9A676DDA4292}"
	ProjectSection(ProjectDependencies) = postProject
		{29754C85-44C7-4D0B-AE20-0B37E620D3C3} = {29754C85-44C7-4D0B-AE20-0B37E620D3C3}
	EndProjectSection
EndProject
Project("{8BC9CEB8-8B4A-11D0-8D11-00A0C91BC942}") = "ble_lib", "..\ble_lib\ble_lib.vcxproj", "{29754C85-44C7-4D0B-AE20-0B37E620D3C3}"
EndProject
Global
	GlobalSection(SolutionConfigurationPlatforms) = preSolution
		Debug|Win32 = Debug|Win32
		Release|Win32 = Release|Win32
	EndGlobalSection
	GlobalSection(ProjectConfigurationPlatforms) = postSolution
		{89C4203C-CEDD-45BD-A97A-9A676DDA4292}.Debug|Win32.ActiveCfg = Debug|Win32
		{89C4203C-CEDD-45BD-A97A-9A676DDA4292}.Debug|Win32.Build.0 = Debug|Win32
		{89C4203C-CEDD-45BD-A97A-9A676DDA4292}.Release|Win32.ActiveCfg = Release|Win32
		{89C4203C-CEDD-45BD-A97A-9A676DDA4292}.Release|Win32.Build.0 = Release|Win32
		{29754C85-44C7-4D0B-AE20-0B37E620D3C3}.Debug|Win32.ActiveCfg = Debug|Win32
		{29754C85-44C7-4D0B-AE20-0B37E620D3C3}.Debug|Win32.Build.0 = Debug|Win32
		{29754C85-44C7-4D0B-AE20-0B37E620D3C3}.Release|Win32.ActiveCfg = Release|Win32
		{29754C85-44C7-4D0B-AE20-0B37E620D3C3}.Release|Win32.Build.0 = Release|Win32
	EndGlobalSection
	GlobalSection(SolutionProperties) = preSolution
		HideSolutionNode = FALSE
	EndGlobalSection
EndGlobal
